
Microsoft Visual Studio Solution File, Format Version 12.00
# Visual Studio Version 17
VisualStudioVersion = 17.9.34701.34
MinimumVisualStudioVersion = 10.0.40219.1
Project("{9A19103F-16F7-4668-BE54-9A1E7A4F7556}") = "BookingWebAPI", "BookingWebAPI\BookingWebAPI.csproj", "{9E40ECB3-D5A2-4D27-AAFD-E798DC96ADB7}"
EndProject
Global
	GlobalSection(SolutionConfigurationPlatforms) = preSolution
		Debug|Any CPU = Debug|Any CPU
		Release|Any CPU = Release|Any CPU
	EndGlobalSection
	GlobalSection(ProjectConfigurationPlatforms) = postSolution
		{9E40ECB3-D5A2-4D27-AAFD-E798DC96ADB7}.Debug|Any CPU.ActiveCfg = Debug|Any CPU
		{9E40ECB3-D5A2-4D27-AAFD-E798DC96ADB7}.Debug|Any CPU.Build.0 = Debug|Any CPU
		{9E40ECB3-D5A2-4D27-AAFD-E798DC96ADB7}.Release|Any CPU.ActiveCfg = Release|Any CPU
		{9E40ECB3-D5A2-4D27-AAFD-E798DC96ADB7}.Release|Any CPU.Build.0 = Release|Any CPU
	EndGlobalSection
	GlobalSection(SolutionProperties) = preSolution
		HideSolutionNode = FALSE
	EndGlobalSection
	GlobalSection(ExtensibilityGlobals) = postSolution
		SolutionGuid = {73BD284B-F8F4-45ED-968D-E42B0BF247D4}
	EndGlobalSection
EndGlobal
